
Microsoft Visual Studio Solution File, Format Version 12.00
# Visual Studio Version 17
VisualStudioVersion = 17.6.33723.286
MinimumVisualStudioVersion = 10.0.40219.1
Project("{FAE04EC0-301F-11D3-BF4B-00C04F79EFBC}") = "Video5_20367758.Android", "Video5_20367758\Video5_20367758.Android\Video5_20367758.Android.csproj", "{0DFA6F43-5B12-455E-A427-794DDE858E7F}"
EndProject
Project("{FAE04EC0-301F-11D3-BF4B-00C04F79EFBC}") = "Video5_20367758.iOS", "Video5_20367758\Video5_20367758.iOS\Video5_20367758.iOS.csproj", "{2A4FD578-852C-4637-83D6-184076D484C4}"
EndProject
Project("{FAE04EC0-301F-11D3-BF4B-00C04F79EFBC}") = "Video5_20367758", "Video5_20367758\Video5_20367758\Video5_20367758.csproj", "{114B9564-AD53-49B8-AC2C-1B94648DC569}"
EndProject
Global
	GlobalSection(SolutionConfigurationPlatforms) = preSolution
		Debug|Any CPU = Debug|Any CPU
		Debug|iPhone = Debug|iPhone
		Debug|iPhoneSimulator = Debug|iPhoneSimulator
		Release|Any CPU = Release|Any CPU
		Release|iPhone = Release|iPhone
		Release|iPhoneSimulator = Release|iPhoneSimulator
	EndGlobalSection
	GlobalSection(ProjectConfigurationPlatforms) = postSolution
		{0DFA6F43-5B12-455E-A427-794DDE858E7F}.Debug|Any CPU.ActiveCfg = Debug|Any CPU
		{0DFA6F43-5B12-455E-A427-794DDE858E7F}.Debug|Any CPU.Build.0 = Debug|Any CPU
		{0DFA6F43-5B12-455E-A427-794DDE858E7F}.Debug|Any CPU.Deploy.0 = Debug|Any CPU
		{0DFA6F43-5B12-455E-A427-794DDE858E7F}.Debug|iPhone.ActiveCfg = Debug|Any CPU
		{0DFA6F43-5B12-455E-A427-794DDE858E7F}.Debug|iPhone.Build.0 = Debug|Any CPU
		{0DFA6F43-5B12-455E-A427-794DDE858E7F}.Debug|iPhone.Deploy.0 = Debug|Any CPU
		{0DFA6F43-5B12-455E-A427-794DDE858E7F}.Debug|iPhoneSimulator.ActiveCfg = Debug|Any CPU
		{0DFA6F43-5B12-455E-A427-794DDE858E7F}.Debug|iPhoneSimulator.Build.0 = Debug|Any CPU
		{0DFA6F43-5B12-455E-A427-794DDE858E7F}.Debug|iPhoneSimulator.Deploy.0 = Debug|Any CPU
		{0DFA6F43-5B12-455E-A427-794DDE858E7F}.Release|Any CPU.ActiveCfg = Release|Any CPU
		{0DFA6F43-5B12-455E-A427-794DDE858E7F}.Release|Any CPU.Build.0 = Release|Any CPU
		{0DFA6F43-5B12-455E-A427-794DDE858E7F}.Release|Any CPU.Deploy.0 = Release|Any CPU
		{0DFA6F43-5B12-455E-A427-794DDE858E7F}.Release|iPhone.ActiveCfg = Release|Any CPU
		{0DFA6F43-5B12-455E-A427-794DDE858E7F}.Release|iPhone.Build.0 = Release|Any CPU
		{0DFA6F43-5B12-455E-A427-794DDE858E7F}.Release|iPhone.Deploy.0 = Release|Any CPU
		{0DFA6F43-5B12-455E-A427-794DDE858E7F}.Release|iPhoneSimulator.ActiveCfg = Release|Any CPU
		{0DFA6F43-5B12-455E-A427-794DDE858E7F}.Release|iPhoneSimulator.Build.0 = Release|Any CPU
		{0DFA6F43-5B12-455E-A427-794DDE858E7F}.Release|iPhoneSimulator.Deploy.0 = Release|Any CPU
		{2A4FD578-852C-4637-83D6-184076D484C4}.Debug|Any CPU.ActiveCfg = Debug|iPhone
		{2A4FD578-852C-4637-83D6-184076D484C4}.Debug|Any CPU.Build.0 = Debug|iPhone
		{2A4FD578-852C-4637-83D6-184076D484C4}.Debug|Any CPU.Deploy.0 = Debug|iPhone
		{2A4FD578-852C-4637-83D6-184076D484C4}.Debug|iPhone.ActiveCfg = Debug|iPhone
		{2A4FD578-852C-4637-83D6-184076D484C4}.Debug|iPhone.Build.0 = Debug|iPhone
		{2A4FD578-852C-4637-83D6-184076D484C4}.Debug|iPhone.Deploy.0 = Debug|iPhone
		{2A4FD578-852C-4637-83D6-184076D484C4}.Debug|iPhoneSimulator.ActiveCfg = Debug|iPhoneSimulator
		{2A4FD578-852C-4637-83D6-184076D484C4}.Debug|iPhoneSimulator.Build.0 = Debug|iPhoneSimulator
		{2A4FD578-852C-4637-83D6-184076D484C4}.Debug|iPhoneSimulator.Deploy.0 = Debug|iPhoneSimulator
		{2A4FD578-852C-4637-83D6-184076D484C4}.Release|Any CPU.ActiveCfg = Release|iPhoneSimulator
		{2A4FD578-852C-4637-83D6-184076D484C4}.Release|Any CPU.Build.0 = Release|iPhoneSimulator
		{2A4FD578-852C-4637-83D6-184076D484C4}.Release|Any CPU.Deploy.0 = Release|iPhoneSimulator
		{2A4FD578-852C-4637-83D6-184076D484C4}.Release|iPhone.ActiveCfg = Release|iPhone
		{2A4FD578-852C-4637-83D6-184076D484C4}.Release|iPhone.Build.0 = Release|iPhone
		{2A4FD578-852C-4637-83D6-184076D484C4}.Release|iPhone.Deploy.0 = Release|iPhone
		{2A4FD578-852C-4637-83D6-184076D484C4}.Release|iPhoneSimulator.ActiveCfg = Release|iPhoneSimulator
		{2A4FD578-852C-4637-83D6-184076D484C4}.Release|iPhoneSimulator.Build.0 = Release|iPhoneSimulator
		{2A4FD578-852C-4637-83D6-184076D484C4}.Release|iPhoneSimulator.Deploy.0 = Release|iPhoneSimulator
		{114B9564-AD53-49B8-AC2C-1B94648DC569}.Debug|Any CPU.ActiveCfg = Debug|Any CPU
		{114B9564-AD53-49B8-AC2C-1B94648DC569}.Debug|Any CPU.Build.0 = Debug|Any CPU
		{114B9564-AD53-49B8-AC2C-1B94648DC569}.Debug|Any CPU.Deploy.0 = Debug|Any CPU
		{114B9564-AD53-49B8-AC2C-1B94648DC569}.Debug|iPhone.ActiveCfg = Debug|Any CPU
		{114B9564-AD53-49B8-AC2C-1B94648DC569}.Debug|iPhone.Build.0 = Debug|Any CPU
		{114B9564-AD53-49B8-AC2C-1B94648DC569}.Debug|iPhone.Deploy.0 = Debug|Any CPU
		{114B9564-AD53-49B8-AC2C-1B94648DC569}.Debug|iPhoneSimulator.ActiveCfg = Debug|Any CPU
		{114B9564-AD53-49B8-AC2C-1B94648DC569}.Debug|iPhoneSimulator.Build.0 = Debug|Any CPU
		{114B9564-AD53-49B8-AC2C-1B94648DC569}.Debug|iPhoneSimulator.Deploy.0 = Debug|Any CPU
		{114B9564-AD53-49B8-AC2C-1B94648DC569}.Release|Any CPU.ActiveCfg = Release|Any CPU
		{114B9564-AD53-49B8-AC2C-1B94648DC569}.Release|Any CPU.Build.0 = Release|Any CPU
		{114B9564-AD53-49B8-AC2C-1B94648DC569}.Release|Any CPU.Deploy.0 = Release|Any CPU
		{114B9564-AD53-49B8-AC2C-1B94648DC569}.Release|iPhone.ActiveCfg = Release|Any CPU
		{114B9564-AD53-49B8-AC2C-1B94648DC569}.Release|iPhone.Build.0 = Release|Any CPU
		{114B9564-AD53-49B8-AC2C-1B94648DC569}.Release|iPhone.Deploy.0 = Release|Any CPU
		{114B9564-AD53-49B8-AC2C-1B94648DC569}.Release|iPhoneSimulator.ActiveCfg = Release|Any CPU
		{114B9564-AD53-49B8-AC2C-1B94648DC569}.Release|iPhoneSimulator.Build.0 = Release|Any CPU
		{114B9564-AD53-49B8-AC2C-1B94648DC569}.Release|iPhoneSimulator.Deploy.0 = Release|Any CPU
	EndGlobalSection
	GlobalSection(SolutionProperties) = preSolution
		HideSolutionNode = FALSE
	EndGlobalSection
	GlobalSection(ExtensibilityGlobals) = postSolution
		SolutionGuid = {40E79120-621B-469E-828F-2437AE168FCC}
	EndGlobalSection
EndGlobal
